
Microsoft Visual Studio Solution File, Format Version 12.00
# Visual Studio 2012
Project("{8BC9CEB8-8B4A-11D0-8D11-00A0C91BC942}") = "Realzado_Desplazamiento", "Realzado_Desplazamiento\Realzado_Desplazamiento.vcxproj", "{CD683B8A-E109-469F-8F80-E32C93BF7556}"
EndProject
Global
	GlobalSection(SolutionConfigurationPlatforms) = preSolution
		Debug|Win32 = Debug|Win32
		Release|Win32 = Release|Win32
	EndGlobalSection
	GlobalSection(ProjectConfigurationPlatforms) = postSolution
		{CD683B8A-E109-469F-8F80-E32C93BF7556}.Debug|Win32.ActiveCfg = Debug|Win32
		{CD683B8A-E109-469F-8F80-E32C93BF7556}.Debug|Win32.Build.0 = Debug|Win32
		{CD683B8A-E109-469F-8F80-E32C93BF7556}.Release|Win32.ActiveCfg = Release|Win32
		{CD683B8A-E109-469F-8F80-E32C93BF7556}.Release|Win32.Build.0 = Release|Win32
	EndGlobalSection
	GlobalSection(SolutionProperties) = preSolution
		HideSolutionNode = FALSE
	EndGlobalSection
EndGlobal
