
Microsoft Visual Studio Solution File, Format Version 12.00
# Visual Studio 2012
Project("{8BC9CEB8-8B4A-11D0-8D11-00A0C91BC942}") = "High-Pass_Filter", "High-Pass_Filter\High-Pass_Filter.vcxproj", "{541651A4-1FC6-4BA9-B588-9DC42AAAD5B8}"
EndProject
Global
	GlobalSection(SolutionConfigurationPlatforms) = preSolution
		Debug|Win32 = Debug|Win32
		Release|Win32 = Release|Win32
	EndGlobalSection
	GlobalSection(ProjectConfigurationPlatforms) = postSolution
		{541651A4-1FC6-4BA9-B588-9DC42AAAD5B8}.Debug|Win32.ActiveCfg = Debug|Win32
		{541651A4-1FC6-4BA9-B588-9DC42AAAD5B8}.Debug|Win32.Build.0 = Debug|Win32
		{541651A4-1FC6-4BA9-B588-9DC42AAAD5B8}.Release|Win32.ActiveCfg = Release|Win32
		{541651A4-1FC6-4BA9-B588-9DC42AAAD5B8}.Release|Win32.Build.0 = Release|Win32
	EndGlobalSection
	GlobalSection(SolutionProperties) = preSolution
		HideSolutionNode = FALSE
	EndGlobalSection
EndGlobal
